schema: '2.0'
stages:
  data_ingestion:
    cmd: python src/adenocarcinoma_detection/pipeline/data_ingestion_pipeline.py
    deps:
    - path: config/config.yaml
      hash: md5
      md5: 6251e91f50fb9a3add583d8d46437393
      size: 562
    - path: src/adenocarcinoma_detection/pipeline/data_ingestion_pipeline.py
      hash: md5
      md5: 2880997c9f2c439b33495d4dce129e06
      size: 920
    outs:
    - path: artifacts/data_ingestion/Data/train
      hash: md5
      md5: a5ec1e860f446c95252d30f7b0549167.dir
      size: 72482362
      nfiles: 613
  prepare_base_model:
    cmd: python src/adenocarcinoma_detection/pipeline/BaseModel.py
    deps:
    - path: config/config.yaml
      hash: md5
      md5: 6251e91f50fb9a3add583d8d46437393
      size: 562
    - path: src/adenocarcinoma_detection/pipeline/BaseModel.py
      hash: md5
      md5: 641db1d978209821e125fafdb687593b
      size: 877
    params:
      params.yaml:
        CLASSES: 4
        IMAGE_SIZE:
        - 224
        - 224
        - 3
        INCLUDE_TOP: false
        LEARNING_RATE: 0.1
        WEIGHTS: imagenet
    outs:
    - path: artifacts/prepare_base_model
      hash: md5
      md5: 6aeb6884f09588d4ba87fa5412b6c3fb.dir
      size: 118258808
      nfiles: 2
  training:
    cmd: python src/adenocarcinoma_detection/pipeline/model_training.py
    deps:
    - path: artifacts/data_ingestion/Data/train
      hash: md5
      md5: a5ec1e860f446c95252d30f7b0549167.dir
      size: 72482362
      nfiles: 613
    - path: artifacts/prepare_base_model
      hash: md5
      md5: 6aeb6884f09588d4ba87fa5412b6c3fb.dir
      size: 118258808
      nfiles: 2
    - path: config/config.yaml
      hash: md5
      md5: 6251e91f50fb9a3add583d8d46437393
      size: 562
    - path: src/adenocarcinoma_detection/pipeline/model_training.py
      hash: md5
      md5: af8e9b14d9c6f3476ae5e27aa9cd8c00
      size: 878
    params:
      params.yaml:
        AUGMENTATION: false
        BATCH_SIZE: 16
        EPOCHS: 20
        IMAGE_SIZE:
        - 224
        - 224
        - 3
    outs:
    - path: artifacts/training/model.h5
      hash: md5
      md5: 3b67d5d87c80e45c6ba0fe95f574f4c8
      size: 59339072
  evaluation:
    cmd: python src/adenocarcinoma_detection/pipeline/Model_evaluation.py
    deps:
    - path: artifacts/data_ingestion/Data/train
      hash: md5
      md5: a5ec1e860f446c95252d30f7b0549167.dir
      size: 72482362
      nfiles: 613
    - path: artifacts/training/model.h5
      hash: md5
      md5: 3b67d5d87c80e45c6ba0fe95f574f4c8
      size: 59339072
    - path: config/config.yaml
      hash: md5
      md5: 6251e91f50fb9a3add583d8d46437393
      size: 562
    - path: src/adenocarcinoma_detection/pipeline/Model_evaluation.py
      hash: md5
      md5: d3fcad6c052fdceeca7e618a1ee52f18
      size: 871
    params:
      params.yaml:
        BATCH_SIZE: 16
        IMAGE_SIZE:
        - 224
        - 224
        - 3
    outs:
    - path: scores.json
      hash: md5
      md5: b3c7d7e13eaadf7f8970f380920659bd
      size: 69
